
Microsoft Visual Studio Solution File, Format Version 12.00
# Visual Studio Version 16
VisualStudioVersion = 16.0.34601.136
MinimumVisualStudioVersion = 10.0.40219.1
Project("{FAE04EC0-301F-11D3-BF4B-00C04F79EFBC}") = "ignore", "ignore\ignore.csproj", "{D4A5F03F-67BE-4072-A41E-092F4A2A3337}"
EndProject
Global
	GlobalSection(SolutionConfigurationPlatforms) = preSolution
		Debug|Any CPU = Debug|Any CPU
		Release|Any CPU = Release|Any CPU
	EndGlobalSection
	GlobalSection(ProjectConfigurationPlatforms) = postSolution
		{D4A5F03F-67BE-4072-A41E-092F4A2A3337}.Debug|Any CPU.ActiveCfg = Debug|Any CPU
		{D4A5F03F-67BE-4072-A41E-092F4A2A3337}.Debug|Any CPU.Build.0 = Debug|Any CPU
		{D4A5F03F-67BE-4072-A41E-092F4A2A3337}.Release|Any CPU.ActiveCfg = Release|Any CPU
		{D4A5F03F-67BE-4072-A41E-092F4A2A3337}.Release|Any CPU.Build.0 = Release|Any CPU
	EndGlobalSection
	GlobalSection(SolutionProperties) = preSolution
		HideSolutionNode = FALSE
	EndGlobalSection
	GlobalSection(ExtensibilityGlobals) = postSolution
		SolutionGuid = {BD910DD3-8032-4ECE-ADF0-4CEF02128A11}
	EndGlobalSection
EndGlobal
